
Microsoft Visual Studio Solution File, Format Version 12.00
# Visual Studio Version 17
VisualStudioVersion = 17.2.32630.192
MinimumVisualStudioVersion = 10.0.40219.1
Project("{9A19103F-16F7-4668-BE54-9A1E7A4F7556}") = "R5T.S0094", "R5T.S0094\R5T.S0094.csproj", "{96DFD8C7-6244-4EA1-B008-5B7120898003}"
EndProject
Project("{2150E333-8FDC-42A3-9474-1A3956D46DE8}") = "_Dependencies", "_Dependencies", "{50F19D9B-C445-4447-A235-EAA8F24DF35F}"
EndProject
Project("{9A19103F-16F7-4668-BE54-9A1E7A4F7556}") = "R5T.F0000", "..\..\R5T.F0000\source\R5T.F0000\R5T.F0000.csproj", "{B5714A37-965F-43DE-BB6B-9429E6AE7964}"
EndProject
Project("{9A19103F-16F7-4668-BE54-9A1E7A4F7556}") = "R5T.F0002", "..\..\R5T.F0002\source\R5T.F0002\R5T.F0002.csproj", "{3A3E26BD-0157-448F-8623-1E9E7015B726}"
EndProject
Project("{9A19103F-16F7-4668-BE54-9A1E7A4F7556}") = "R5T.F0017.F002", "..\..\R5T.F0017\source\R5T.F0017.F002\R5T.F0017.F002.csproj", "{1FC8A59A-B9F0-45EC-8F34-B8AD70C94BBC}"
EndProject
Project("{9A19103F-16F7-4668-BE54-9A1E7A4F7556}") = "R5T.F0018", "..\..\R5T.F0018\source\R5T.F0018\R5T.F0018.csproj", "{3C7AFE52-034C-4C98-9830-F1D67CF21C57}"
EndProject
Project("{9A19103F-16F7-4668-BE54-9A1E7A4F7556}") = "R5T.F0032", "..\..\R5T.F0032\source\R5T.F0032\R5T.F0032.csproj", "{6653CD38-4961-4E0B-9770-3D5563E93930}"
EndProject
Project("{9A19103F-16F7-4668-BE54-9A1E7A4F7556}") = "R5T.F0099.T000", "..\..\R5T.F0099\source\R5T.F0099.T000\R5T.F0099.T000.csproj", "{8488CD1C-E27F-45DB-BAA1-893D7D9D61DC}"
EndProject
Project("{9A19103F-16F7-4668-BE54-9A1E7A4F7556}") = "R5T.F0109", "..\..\R5T.F0109\source\R5T.F0109\R5T.F0109.csproj", "{0020527A-9F50-4318-9505-CF0BF6CBC52D}"
EndProject
Project("{9A19103F-16F7-4668-BE54-9A1E7A4F7556}") = "R5T.F0120", "..\..\R5T.F0120\source\R5T.F0120\R5T.F0120.csproj", "{56DBCFDF-6D95-484E-8B27-59E9D13FF3F1}"
EndProject
Project("{9A19103F-16F7-4668-BE54-9A1E7A4F7556}") = "R5T.F0124", "..\..\R5T.F0124\source\R5T.F0124\R5T.F0124.csproj", "{21CA1C53-7579-4487-9BB5-955846091EC6}"
EndProject
Project("{9A19103F-16F7-4668-BE54-9A1E7A4F7556}") = "R5T.F0125", "..\..\R5T.F0125\source\R5T.F0125\R5T.F0125.csproj", "{1B54B155-7CD5-4BA3-8622-DD3A86E64844}"
EndProject
Project("{9A19103F-16F7-4668-BE54-9A1E7A4F7556}") = "R5T.L0030.T000", "..\..\R5T.L0030\source\R5T.L0030.T000\R5T.L0030.T000.csproj", "{4A6E0E53-D678-4807-A336-7969791BAD91}"
EndProject
Project("{9A19103F-16F7-4668-BE54-9A1E7A4F7556}") = "R5T.L0030", "..\..\R5T.L0030\source\R5T.L0030\R5T.L0030.csproj", "{6F8E4718-29E4-409C-BF6E-D0B61A5EE0C8}"
EndProject
Project("{9A19103F-16F7-4668-BE54-9A1E7A4F7556}") = "R5T.L0034", "..\..\R5T.L0034\source\R5T.L0034\R5T.L0034.csproj", "{B013392A-7511-4268-A032-5F55C9A6E442}"
EndProject
Project("{9A19103F-16F7-4668-BE54-9A1E7A4F7556}") = "R5T.L0035", "..\..\R5T.L0035\source\R5T.L0035\R5T.L0035.csproj", "{E55041BA-4825-4BCB-80D8-E860F6341639}"
EndProject
Project("{9A19103F-16F7-4668-BE54-9A1E7A4F7556}") = "R5T.L0052.T001", "..\..\R5T.L0052\source\R5T.L0052.T001\R5T.L0052.T001.csproj", "{04225EB8-9538-4508-BFDF-F2EE69AF4E9D}"
EndProject
Project("{9A19103F-16F7-4668-BE54-9A1E7A4F7556}") = "R5T.L0052.Z001", "..\..\R5T.L0052\source\R5T.L0052.Z001\R5T.L0052.Z001.csproj", "{8674C4E8-3126-4B05-A9B8-F8CDEEEBB8A3}"
EndProject
Project("{9A19103F-16F7-4668-BE54-9A1E7A4F7556}") = "R5T.L0052", "..\..\R5T.L0052\source\R5T.L0052\R5T.L0052.csproj", "{237BCF54-63DE-4D03-98F1-F94BE2CD5297}"
EndProject
Project("{9A19103F-16F7-4668-BE54-9A1E7A4F7556}") = "R5T.NG0008", "..\..\R5T.NG0008\source\R5T.NG0008\R5T.NG0008.csproj", "{9D9E90B1-9B8F-432E-90F3-4A23DD42030C}"
EndProject
Project("{9A19103F-16F7-4668-BE54-9A1E7A4F7556}") = "R5T.NG0010", "..\..\R5T.NG0010\source\R5T.NG0010\R5T.NG0010.csproj", "{922587D3-7506-4202-A2DC-813A2E60D369}"
EndProject
Project("{9A19103F-16F7-4668-BE54-9A1E7A4F7556}") = "R5T.NG0022", "..\..\R5T.NG0022\source\R5T.NG0022\R5T.NG0022.csproj", "{44379BA6-6BE5-4F93-BC01-6A5473B83AC2}"
EndProject
Project("{9A19103F-16F7-4668-BE54-9A1E7A4F7556}") = "R5T.T0131", "..\..\R5T.T0131\source\R5T.T0131\R5T.T0131.csproj", "{6C865ECC-BDCA-4EB1-87E8-78D65A85595D}"
EndProject
Project("{9A19103F-16F7-4668-BE54-9A1E7A4F7556}") = "R5T.T0132", "..\..\R5T.T0132\source\R5T.T0132\R5T.T0132.csproj", "{2B6DF6FE-6757-44F8-96C0-2D8AC698A1FD}"
EndProject
Project("{9A19103F-16F7-4668-BE54-9A1E7A4F7556}") = "R5T.T0142", "..\..\R5T.T0142\source\R5T.T0142\R5T.T0142.csproj", "{173123A0-CA5D-449A-826B-B0EDD717DFBF}"
EndProject
Project("{9A19103F-16F7-4668-BE54-9A1E7A4F7556}") = "R5T.T0143", "..\..\R5T.T0143\source\R5T.T0143\R5T.T0143.csproj", "{BE8A83A7-92C8-460A-AA1E-9E0EC414C95B}"
EndProject
Project("{9A19103F-16F7-4668-BE54-9A1E7A4F7556}") = "R5T.T0150", "..\..\R5T.T0150\source\R5T.T0150\R5T.T0150.csproj", "{7CBEA8DD-B325-4A74-869C-07F1A20098DB}"
EndProject
Project("{9A19103F-16F7-4668-BE54-9A1E7A4F7556}") = "R5T.T0151", "..\..\R5T.T0151\source\R5T.T0151\R5T.T0151.csproj", "{F3920ABA-95D1-4063-B76C-E4E3B20539CD}"
EndProject
Project("{9A19103F-16F7-4668-BE54-9A1E7A4F7556}") = "R5T.T0156", "..\..\R5T.T0156\source\R5T.T0156\R5T.T0156.csproj", "{60526B95-9258-4381-9F6C-64CA53003A18}"
EndProject
Project("{9A19103F-16F7-4668-BE54-9A1E7A4F7556}") = "R5T.T0161", "..\..\R5T.T0161\source\R5T.T0161\R5T.T0161.csproj", "{87BA445C-D062-41DD-A2EF-C99E7C82EC7C}"
EndProject
Project("{9A19103F-16F7-4668-BE54-9A1E7A4F7556}") = "R5T.T0162", "..\..\R5T.T0162\source\R5T.T0162\R5T.T0162.csproj", "{1F42E9FF-95FE-4E17-BA02-4B471AC75794}"
EndProject
Project("{9A19103F-16F7-4668-BE54-9A1E7A4F7556}") = "R5T.T0169", "..\..\R5T.T0169\source\R5T.T0169\R5T.T0169.csproj", "{2EDF27E3-C822-4110-933E-123CC3D206AE}"
EndProject
Project("{9A19103F-16F7-4668-BE54-9A1E7A4F7556}") = "R5T.T0170", "..\..\R5T.T0170\source\R5T.T0170\R5T.T0170.csproj", "{157DDF05-58DA-4896-9D74-20E5438D0362}"
EndProject
Project("{9A19103F-16F7-4668-BE54-9A1E7A4F7556}") = "R5T.T0171", "..\..\R5T.T0171\source\R5T.T0171\R5T.T0171.csproj", "{83A498D3-A227-4E41-B6DF-6631E2F3F6F9}"
EndProject
Project("{9A19103F-16F7-4668-BE54-9A1E7A4F7556}") = "R5T.T0172", "..\..\R5T.T0172\source\R5T.T0172\R5T.T0172.csproj", "{652400A5-03BD-4A4F-BBD8-CEEC4729C791}"
EndProject
Project("{9A19103F-16F7-4668-BE54-9A1E7A4F7556}") = "R5T.T0173", "..\..\R5T.T0173\source\R5T.T0173\R5T.T0173.csproj", "{F4272AB8-2996-4358-80CC-1C2B6B515AF0}"
EndProject
Project("{9A19103F-16F7-4668-BE54-9A1E7A4F7556}") = "R5T.T0174", "..\..\R5T.T0174\source\R5T.T0174\R5T.T0174.csproj", "{3CD2E8B6-0BB0-4126-A1C6-12449F2C346F}"
EndProject
Project("{9A19103F-16F7-4668-BE54-9A1E7A4F7556}") = "R5T.T0176", "..\..\R5T.T0176\source\R5T.T0176\R5T.T0176.csproj", "{D74334D5-FE58-409E-A38A-33AA6436E3BB}"
EndProject
Project("{9A19103F-16F7-4668-BE54-9A1E7A4F7556}") = "R5T.T0177", "..\..\R5T.T0177\source\R5T.T0177\R5T.T0177.csproj", "{0188F3A1-EA91-4F7A-A038-9CAA70468978}"
EndProject
Project("{9A19103F-16F7-4668-BE54-9A1E7A4F7556}") = "R5T.T0178", "..\..\R5T.T0178\source\R5T.T0178\R5T.T0178.csproj", "{537509F3-F2F2-4E43-877B-0FA859E2A283}"
EndProject
Project("{9A19103F-16F7-4668-BE54-9A1E7A4F7556}") = "R5T.T0179", "..\..\R5T.T0179\source\R5T.T0179\R5T.T0179.csproj", "{B8B7DF7E-A876-492F-B67A-DCDED725CBE2}"
EndProject
Project("{9A19103F-16F7-4668-BE54-9A1E7A4F7556}") = "R5T.T0180", "..\..\R5T.T0180\source\R5T.T0180\R5T.T0180.csproj", "{80172D10-9E99-4036-B003-8D8C635C0205}"
EndProject
Project("{9A19103F-16F7-4668-BE54-9A1E7A4F7556}") = "R5T.T0181", "..\..\R5T.T0181\source\R5T.T0181\R5T.T0181.csproj", "{F395D818-7C53-4AF3-BA52-2ACBA85E266D}"
EndProject
Project("{9A19103F-16F7-4668-BE54-9A1E7A4F7556}") = "R5T.T0185", "..\..\R5T.T0185\source\R5T.T0185\R5T.T0185.csproj", "{801BE2E5-9033-4B11-8E7F-B15E46A6F08B}"
EndProject
Project("{9A19103F-16F7-4668-BE54-9A1E7A4F7556}") = "R5T.T0199", "..\..\R5T.T0199\source\R5T.T0199\R5T.T0199.csproj", "{670171C1-4FAC-4CF8-96DA-FD83DE3A0A98}"
EndProject
Project("{9A19103F-16F7-4668-BE54-9A1E7A4F7556}") = "R5T.T0203", "..\..\R5T.T0203\source\R5T.T0203\R5T.T0203.csproj", "{08AAA491-6AA4-408F-9D71-F0B90F9FBF0E}"
EndProject
Project("{9A19103F-16F7-4668-BE54-9A1E7A4F7556}") = "R5T.T0220", "..\..\R5T.T0220\source\R5T.T0220\R5T.T0220.csproj", "{2D7D33BD-66F2-4D0F-9ADD-705F440794AD}"
EndProject
Project("{9A19103F-16F7-4668-BE54-9A1E7A4F7556}") = "R5T.T0221", "..\..\R5T.T0221\source\R5T.T0221\R5T.T0221.csproj", "{E4878440-8578-4B5C-AC13-0C871423964E}"
EndProject
Project("{9A19103F-16F7-4668-BE54-9A1E7A4F7556}") = "R5T.Y0000", "..\..\R5T.Y0000\source\R5T.Y0000\R5T.Y0000.csproj", "{2CDBC9FB-B8EB-46C3-8E08-AF8328DD2EF6}"
EndProject
Project("{9A19103F-16F7-4668-BE54-9A1E7A4F7556}") = "R5T.Z0000", "..\..\R5T.Z0000\source\R5T.Z0000\R5T.Z0000.csproj", "{6C08B354-E578-4BB2-8F56-3E3A56C9ACB7}"
EndProject
Project("{9A19103F-16F7-4668-BE54-9A1E7A4F7556}") = "R5T.Z0037", "..\..\R5T.Z0037\source\R5T.Z0037\R5T.Z0037.csproj", "{89497046-F8F1-4CF0-B22E-B0C36FA109C4}"
EndProject
Global
	GlobalSection(NestedProjects) = preSolution
		{B5714A37-965F-43DE-BB6B-9429E6AE7964} = {50F19D9B-C445-4447-A235-EAA8F24DF35F}
		{3A3E26BD-0157-448F-8623-1E9E7015B726} = {50F19D9B-C445-4447-A235-EAA8F24DF35F}
		{1FC8A59A-B9F0-45EC-8F34-B8AD70C94BBC} = {50F19D9B-C445-4447-A235-EAA8F24DF35F}
		{3C7AFE52-034C-4C98-9830-F1D67CF21C57} = {50F19D9B-C445-4447-A235-EAA8F24DF35F}
		{6653CD38-4961-4E0B-9770-3D5563E93930} = {50F19D9B-C445-4447-A235-EAA8F24DF35F}
		{8488CD1C-E27F-45DB-BAA1-893D7D9D61DC} = {50F19D9B-C445-4447-A235-EAA8F24DF35F}
		{0020527A-9F50-4318-9505-CF0BF6CBC52D} = {50F19D9B-C445-4447-A235-EAA8F24DF35F}
		{56DBCFDF-6D95-484E-8B27-59E9D13FF3F1} = {50F19D9B-C445-4447-A235-EAA8F24DF35F}
		{21CA1C53-7579-4487-9BB5-955846091EC6} = {50F19D9B-C445-4447-A235-EAA8F24DF35F}
		{1B54B155-7CD5-4BA3-8622-DD3A86E64844} = {50F19D9B-C445-4447-A235-EAA8F24DF35F}
		{4A6E0E53-D678-4807-A336-7969791BAD91} = {50F19D9B-C445-4447-A235-EAA8F24DF35F}
		{6F8E4718-29E4-409C-BF6E-D0B61A5EE0C8} = {50F19D9B-C445-4447-A235-EAA8F24DF35F}
		{B013392A-7511-4268-A032-5F55C9A6E442} = {50F19D9B-C445-4447-A235-EAA8F24DF35F}
		{E55041BA-4825-4BCB-80D8-E860F6341639} = {50F19D9B-C445-4447-A235-EAA8F24DF35F}
		{04225EB8-9538-4508-BFDF-F2EE69AF4E9D} = {50F19D9B-C445-4447-A235-EAA8F24DF35F}
		{8674C4E8-3126-4B05-A9B8-F8CDEEEBB8A3} = {50F19D9B-C445-4447-A235-EAA8F24DF35F}
		{237BCF54-63DE-4D03-98F1-F94BE2CD5297} = {50F19D9B-C445-4447-A235-EAA8F24DF35F}
		{9D9E90B1-9B8F-432E-90F3-4A23DD42030C} = {50F19D9B-C445-4447-A235-EAA8F24DF35F}
		{922587D3-7506-4202-A2DC-813A2E60D369} = {50F19D9B-C445-4447-A235-EAA8F24DF35F}
		{44379BA6-6BE5-4F93-BC01-6A5473B83AC2} = {50F19D9B-C445-4447-A235-EAA8F24DF35F}
		{6C865ECC-BDCA-4EB1-87E8-78D65A85595D} = {50F19D9B-C445-4447-A235-EAA8F24DF35F}
		{2B6DF6FE-6757-44F8-96C0-2D8AC698A1FD} = {50F19D9B-C445-4447-A235-EAA8F24DF35F}
		{173123A0-CA5D-449A-826B-B0EDD717DFBF} = {50F19D9B-C445-4447-A235-EAA8F24DF35F}
		{BE8A83A7-92C8-460A-AA1E-9E0EC414C95B} = {50F19D9B-C445-4447-A235-EAA8F24DF35F}
		{7CBEA8DD-B325-4A74-869C-07F1A20098DB} = {50F19D9B-C445-4447-A235-EAA8F24DF35F}
		{F3920ABA-95D1-4063-B76C-E4E3B20539CD} = {50F19D9B-C445-4447-A235-EAA8F24DF35F}
		{60526B95-9258-4381-9F6C-64CA53003A18} = {50F19D9B-C445-4447-A235-EAA8F24DF35F}
		{87BA445C-D062-41DD-A2EF-C99E7C82EC7C} = {50F19D9B-C445-4447-A235-EAA8F24DF35F}
		{1F42E9FF-95FE-4E17-BA02-4B471AC75794} = {50F19D9B-C445-4447-A235-EAA8F24DF35F}
		{2EDF27E3-C822-4110-933E-123CC3D206AE} = {50F19D9B-C445-4447-A235-EAA8F24DF35F}
		{157DDF05-58DA-4896-9D74-20E5438D0362} = {50F19D9B-C445-4447-A235-EAA8F24DF35F}
		{83A498D3-A227-4E41-B6DF-6631E2F3F6F9} = {50F19D9B-C445-4447-A235-EAA8F24DF35F}
		{652400A5-03BD-4A4F-BBD8-CEEC4729C791} = {50F19D9B-C445-4447-A235-EAA8F24DF35F}
		{F4272AB8-2996-4358-80CC-1C2B6B515AF0} = {50F19D9B-C445-4447-A235-EAA8F24DF35F}
		{3CD2E8B6-0BB0-4126-A1C6-12449F2C346F} = {50F19D9B-C445-4447-A235-EAA8F24DF35F}
		{D74334D5-FE58-409E-A38A-33AA6436E3BB} = {50F19D9B-C445-4447-A235-EAA8F24DF35F}
		{0188F3A1-EA91-4F7A-A038-9CAA70468978} = {50F19D9B-C445-4447-A235-EAA8F24DF35F}
		{537509F3-F2F2-4E43-877B-0FA859E2A283} = {50F19D9B-C445-4447-A235-EAA8F24DF35F}
		{B8B7DF7E-A876-492F-B67A-DCDED725CBE2} = {50F19D9B-C445-4447-A235-EAA8F24DF35F}
		{80172D10-9E99-4036-B003-8D8C635C0205} = {50F19D9B-C445-4447-A235-EAA8F24DF35F}
		{F395D818-7C53-4AF3-BA52-2ACBA85E266D} = {50F19D9B-C445-4447-A235-EAA8F24DF35F}
		{801BE2E5-9033-4B11-8E7F-B15E46A6F08B} = {50F19D9B-C445-4447-A235-EAA8F24DF35F}
		{670171C1-4FAC-4CF8-96DA-FD83DE3A0A98} = {50F19D9B-C445-4447-A235-EAA8F24DF35F}
		{08AAA491-6AA4-408F-9D71-F0B90F9FBF0E} = {50F19D9B-C445-4447-A235-EAA8F24DF35F}
		{2D7D33BD-66F2-4D0F-9ADD-705F440794AD} = {50F19D9B-C445-4447-A235-EAA8F24DF35F}
		{E4878440-8578-4B5C-AC13-0C871423964E} = {50F19D9B-C445-4447-A235-EAA8F24DF35F}
		{2CDBC9FB-B8EB-46C3-8E08-AF8328DD2EF6} = {50F19D9B-C445-4447-A235-EAA8F24DF35F}
		{6C08B354-E578-4BB2-8F56-3E3A56C9ACB7} = {50F19D9B-C445-4447-A235-EAA8F24DF35F}
		{89497046-F8F1-4CF0-B22E-B0C36FA109C4} = {50F19D9B-C445-4447-A235-EAA8F24DF35F}
	EndGlobalSection
	GlobalSection(SolutionConfigurationPlatforms) = preSolution
		Debug|Any CPU = Debug|Any CPU
		Release|Any CPU = Release|Any CPU
	EndGlobalSection
	GlobalSection(ProjectConfigurationPlatforms) = postSolution
		{96DFD8C7-6244-4EA1-B008-5B7120898003}.Debug|Any CPU.ActiveCfg = Debug|Any CPU
		{96DFD8C7-6244-4EA1-B008-5B7120898003}.Debug|Any CPU.Build.0 = Debug|Any CPU
		{96DFD8C7-6244-4EA1-B008-5B7120898003}.Release|Any CPU.ActiveCfg = Release|Any CPU
		{96DFD8C7-6244-4EA1-B008-5B7120898003}.Release|Any CPU.Build.0 = Release|Any CPU
		{B5714A37-965F-43DE-BB6B-9429E6AE7964}.Debug|Any CPU.ActiveCfg = Debug|Any CPU
		{B5714A37-965F-43DE-BB6B-9429E6AE7964}.Debug|Any CPU.Build.0 = Debug|Any CPU
		{B5714A37-965F-43DE-BB6B-9429E6AE7964}.Release|Any CPU.ActiveCfg = Release|Any CPU
		{B5714A37-965F-43DE-BB6B-9429E6AE7964}.Release|Any CPU.Build.0 = Release|Any CPU
		{3A3E26BD-0157-448F-8623-1E9E7015B726}.Debug|Any CPU.ActiveCfg = Debug|Any CPU
		{3A3E26BD-0157-448F-8623-1E9E7015B726}.Debug|Any CPU.Build.0 = Debug|Any CPU
		{3A3E26BD-0157-448F-8623-1E9E7015B726}.Release|Any CPU.ActiveCfg = Release|Any CPU
		{3A3E26BD-0157-448F-8623-1E9E7015B726}.Release|Any CPU.Build.0 = Release|Any CPU
		{1FC8A59A-B9F0-45EC-8F34-B8AD70C94BBC}.Debug|Any CPU.ActiveCfg = Debug|Any CPU
		{1FC8A59A-B9F0-45EC-8F34-B8AD70C94BBC}.Debug|Any CPU.Build.0 = Debug|Any CPU
		{1FC8A59A-B9F0-45EC-8F34-B8AD70C94BBC}.Release|Any CPU.ActiveCfg = Release|Any CPU
		{1FC8A59A-B9F0-45EC-8F34-B8AD70C94BBC}.Release|Any CPU.Build.0 = Release|Any CPU
		{3C7AFE52-034C-4C98-9830-F1D67CF21C57}.Debug|Any CPU.ActiveCfg = Debug|Any CPU
		{3C7AFE52-034C-4C98-9830-F1D67CF21C57}.Debug|Any CPU.Build.0 = Debug|Any CPU
		{3C7AFE52-034C-4C98-9830-F1D67CF21C57}.Release|Any CPU.ActiveCfg = Release|Any CPU
		{3C7AFE52-034C-4C98-9830-F1D67CF21C57}.Release|Any CPU.Build.0 = Release|Any CPU
		{6653CD38-4961-4E0B-9770-3D5563E93930}.Debug|Any CPU.ActiveCfg = Debug|Any CPU
		{6653CD38-4961-4E0B-9770-3D5563E93930}.Debug|Any CPU.Build.0 = Debug|Any CPU
		{6653CD38-4961-4E0B-9770-3D5563E93930}.Release|Any CPU.ActiveCfg = Release|Any CPU
		{6653CD38-4961-4E0B-9770-3D5563E93930}.Release|Any CPU.Build.0 = Release|Any CPU
		{8488CD1C-E27F-45DB-BAA1-893D7D9D61DC}.Debug|Any CPU.ActiveCfg = Debug|Any CPU
		{8488CD1C-E27F-45DB-BAA1-893D7D9D61DC}.Debug|Any CPU.Build.0 = Debug|Any CPU
		{8488CD1C-E27F-45DB-BAA1-893D7D9D61DC}.Release|Any CPU.ActiveCfg = Release|Any CPU
		{8488CD1C-E27F-45DB-BAA1-893D7D9D61DC}.Release|Any CPU.Build.0 = Release|Any CPU
		{0020527A-9F50-4318-9505-CF0BF6CBC52D}.Debug|Any CPU.ActiveCfg = Debug|Any CPU
		{0020527A-9F50-4318-9505-CF0BF6CBC52D}.Debug|Any CPU.Build.0 = Debug|Any CPU
		{0020527A-9F50-4318-9505-CF0BF6CBC52D}.Release|Any CPU.ActiveCfg = Release|Any CPU
		{0020527A-9F50-4318-9505-CF0BF6CBC52D}.Release|Any CPU.Build.0 = Release|Any CPU
		{56DBCFDF-6D95-484E-8B27-59E9D13FF3F1}.Debug|Any CPU.ActiveCfg = Debug|Any CPU
		{56DBCFDF-6D95-484E-8B27-59E9D13FF3F1}.Debug|Any CPU.Build.0 = Debug|Any CPU
		{56DBCFDF-6D95-484E-8B27-59E9D13FF3F1}.Release|Any CPU.ActiveCfg = Release|Any CPU
		{56DBCFDF-6D95-484E-8B27-59E9D13FF3F1}.Release|Any CPU.Build.0 = Release|Any CPU
		{21CA1C53-7579-4487-9BB5-955846091EC6}.Debug|Any CPU.ActiveCfg = Debug|Any CPU
		{21CA1C53-7579-4487-9BB5-955846091EC6}.Debug|Any CPU.Build.0 = Debug|Any CPU
		{21CA1C53-7579-4487-9BB5-955846091EC6}.Release|Any CPU.ActiveCfg = Release|Any CPU
		{21CA1C53-7579-4487-9BB5-955846091EC6}.Release|Any CPU.Build.0 = Release|Any CPU
		{1B54B155-7CD5-4BA3-8622-DD3A86E64844}.Debug|Any CPU.ActiveCfg = Debug|Any CPU
		{1B54B155-7CD5-4BA3-8622-DD3A86E64844}.Debug|Any CPU.Build.0 = Debug|Any CPU
		{1B54B155-7CD5-4BA3-8622-DD3A86E64844}.Release|Any CPU.ActiveCfg = Release|Any CPU
		{1B54B155-7CD5-4BA3-8622-DD3A86E64844}.Release|Any CPU.Build.0 = Release|Any CPU
		{4A6E0E53-D678-4807-A336-7969791BAD91}.Debug|Any CPU.ActiveCfg = Debug|Any CPU
		{4A6E0E53-D678-4807-A336-7969791BAD91}.Debug|Any CPU.Build.0 = Debug|Any CPU
		{4A6E0E53-D678-4807-A336-7969791BAD91}.Release|Any CPU.ActiveCfg = Release|Any CPU
		{4A6E0E53-D678-4807-A336-7969791BAD91}.Release|Any CPU.Build.0 = Release|Any CPU
		{6F8E4718-29E4-409C-BF6E-D0B61A5EE0C8}.Debug|Any CPU.ActiveCfg = Debug|Any CPU
		{6F8E4718-29E4-409C-BF6E-D0B61A5EE0C8}.Debug|Any CPU.Build.0 = Debug|Any CPU
		{6F8E4718-29E4-409C-BF6E-D0B61A5EE0C8}.Release|Any CPU.ActiveCfg = Release|Any CPU
		{6F8E4718-29E4-409C-BF6E-D0B61A5EE0C8}.Release|Any CPU.Build.0 = Release|Any CPU
		{B013392A-7511-4268-A032-5F55C9A6E442}.Debug|Any CPU.ActiveCfg = Debug|Any CPU
		{B013392A-7511-4268-A032-5F55C9A6E442}.Debug|Any CPU.Build.0 = Debug|Any CPU
		{B013392A-7511-4268-A032-5F55C9A6E442}.Release|Any CPU.ActiveCfg = Release|Any CPU
		{B013392A-7511-4268-A032-5F55C9A6E442}.Release|Any CPU.Build.0 = Release|Any CPU
		{E55041BA-4825-4BCB-80D8-E860F6341639}.Debug|Any CPU.ActiveCfg = Debug|Any CPU
		{E55041BA-4825-4BCB-80D8-E860F6341639}.Debug|Any CPU.Build.0 = Debug|Any CPU
		{E55041BA-4825-4BCB-80D8-E860F6341639}.Release|Any CPU.ActiveCfg = Release|Any CPU
		{E55041BA-4825-4BCB-80D8-E860F6341639}.Release|Any CPU.Build.0 = Release|Any CPU
		{04225EB8-9538-4508-BFDF-F2EE69AF4E9D}.Debug|Any CPU.ActiveCfg = Debug|Any CPU
		{04225EB8-9538-4508-BFDF-F2EE69AF4E9D}.Debug|Any CPU.Build.0 = Debug|Any CPU
		{04225EB8-9538-4508-BFDF-F2EE69AF4E9D}.Release|Any CPU.ActiveCfg = Release|Any CPU
		{04225EB8-9538-4508-BFDF-F2EE69AF4E9D}.Release|Any CPU.Build.0 = Release|Any CPU
		{8674C4E8-3126-4B05-A9B8-F8CDEEEBB8A3}.Debug|Any CPU.ActiveCfg = Debug|Any CPU
		{8674C4E8-3126-4B05-A9B8-F8CDEEEBB8A3}.Debug|Any CPU.Build.0 = Debug|Any CPU
		{8674C4E8-3126-4B05-A9B8-F8CDEEEBB8A3}.Release|Any CPU.ActiveCfg = Release|Any CPU
		{8674C4E8-3126-4B05-A9B8-F8CDEEEBB8A3}.Release|Any CPU.Build.0 = Release|Any CPU
		{237BCF54-63DE-4D03-98F1-F94BE2CD5297}.Debug|Any CPU.ActiveCfg = Debug|Any CPU
		{237BCF54-63DE-4D03-98F1-F94BE2CD5297}.Debug|Any CPU.Build.0 = Debug|Any CPU
		{237BCF54-63DE-4D03-98F1-F94BE2CD5297}.Release|Any CPU.ActiveCfg = Release|Any CPU
		{237BCF54-63DE-4D03-98F1-F94BE2CD5297}.Release|Any CPU.Build.0 = Release|Any CPU
		{9D9E90B1-9B8F-432E-90F3-4A23DD42030C}.Debug|Any CPU.ActiveCfg = Debug|Any CPU
		{9D9E90B1-9B8F-432E-90F3-4A23DD42030C}.Debug|Any CPU.Build.0 = Debug|Any CPU
		{9D9E90B1-9B8F-432E-90F3-4A23DD42030C}.Release|Any CPU.ActiveCfg = Release|Any CPU
		{9D9E90B1-9B8F-432E-90F3-4A23DD42030C}.Release|Any CPU.Build.0 = Release|Any CPU
		{922587D3-7506-4202-A2DC-813A2E60D369}.Debug|Any CPU.ActiveCfg = Debug|Any CPU
		{922587D3-7506-4202-A2DC-813A2E60D369}.Debug|Any CPU.Build.0 = Debug|Any CPU
		{922587D3-7506-4202-A2DC-813A2E60D369}.Release|Any CPU.ActiveCfg = Release|Any CPU
		{922587D3-7506-4202-A2DC-813A2E60D369}.Release|Any CPU.Build.0 = Release|Any CPU
		{44379BA6-6BE5-4F93-BC01-6A5473B83AC2}.Debug|Any CPU.ActiveCfg = Debug|Any CPU
		{44379BA6-6BE5-4F93-BC01-6A5473B83AC2}.Debug|Any CPU.Build.0 = Debug|Any CPU
		{44379BA6-6BE5-4F93-BC01-6A5473B83AC2}.Release|Any CPU.ActiveCfg = Release|Any CPU
		{44379BA6-6BE5-4F93-BC01-6A5473B83AC2}.Release|Any CPU.Build.0 = Release|Any CPU
		{6C865ECC-BDCA-4EB1-87E8-78D65A85595D}.Debug|Any CPU.ActiveCfg = Debug|Any CPU
		{6C865ECC-BDCA-4EB1-87E8-78D65A85595D}.Debug|Any CPU.Build.0 = Debug|Any CPU
		{6C865ECC-BDCA-4EB1-87E8-78D65A85595D}.Release|Any CPU.ActiveCfg = Release|Any CPU
		{6C865ECC-BDCA-4EB1-87E8-78D65A85595D}.Release|Any CPU.Build.0 = Release|Any CPU
		{2B6DF6FE-6757-44F8-96C0-2D8AC698A1FD}.Debug|Any CPU.ActiveCfg = Debug|Any CPU
		{2B6DF6FE-6757-44F8-96C0-2D8AC698A1FD}.Debug|Any CPU.Build.0 = Debug|Any CPU
		{2B6DF6FE-6757-44F8-96C0-2D8AC698A1FD}.Release|Any CPU.ActiveCfg = Release|Any CPU
		{2B6DF6FE-6757-44F8-96C0-2D8AC698A1FD}.Release|Any CPU.Build.0 = Release|Any CPU
		{173123A0-CA5D-449A-826B-B0EDD717DFBF}.Debug|Any CPU.ActiveCfg = Debug|Any CPU
		{173123A0-CA5D-449A-826B-B0EDD717DFBF}.Debug|Any CPU.Build.0 = Debug|Any CPU
		{173123A0-CA5D-449A-826B-B0EDD717DFBF}.Release|Any CPU.ActiveCfg = Release|Any CPU
		{173123A0-CA5D-449A-826B-B0EDD717DFBF}.Release|Any CPU.Build.0 = Release|Any CPU
		{BE8A83A7-92C8-460A-AA1E-9E0EC414C95B}.Debug|Any CPU.ActiveCfg = Debug|Any CPU
		{BE8A83A7-92C8-460A-AA1E-9E0EC414C95B}.Debug|Any CPU.Build.0 = Debug|Any CPU
		{BE8A83A7-92C8-460A-AA1E-9E0EC414C95B}.Release|Any CPU.ActiveCfg = Release|Any CPU
		{BE8A83A7-92C8-460A-AA1E-9E0EC414C95B}.Release|Any CPU.Build.0 = Release|Any CPU
		{7CBEA8DD-B325-4A74-869C-07F1A20098DB}.Debug|Any CPU.ActiveCfg = Debug|Any CPU
		{7CBEA8DD-B325-4A74-869C-07F1A20098DB}.Debug|Any CPU.Build.0 = Debug|Any CPU
		{7CBEA8DD-B325-4A74-869C-07F1A20098DB}.Release|Any CPU.ActiveCfg = Release|Any CPU
		{7CBEA8DD-B325-4A74-869C-07F1A20098DB}.Release|Any CPU.Build.0 = Release|Any CPU
		{F3920ABA-95D1-4063-B76C-E4E3B20539CD}.Debug|Any CPU.ActiveCfg = Debug|Any CPU
		{F3920ABA-95D1-4063-B76C-E4E3B20539CD}.Debug|Any CPU.Build.0 = Debug|Any CPU
		{F3920ABA-95D1-4063-B76C-E4E3B20539CD}.Release|Any CPU.ActiveCfg = Release|Any CPU
		{F3920ABA-95D1-4063-B76C-E4E3B20539CD}.Release|Any CPU.Build.0 = Release|Any CPU
		{60526B95-9258-4381-9F6C-64CA53003A18}.Debug|Any CPU.ActiveCfg = Debug|Any CPU
		{60526B95-9258-4381-9F6C-64CA53003A18}.Debug|Any CPU.Build.0 = Debug|Any CPU
		{60526B95-9258-4381-9F6C-64CA53003A18}.Release|Any CPU.ActiveCfg = Release|Any CPU
		{60526B95-9258-4381-9F6C-64CA53003A18}.Release|Any CPU.Build.0 = Release|Any CPU
		{87BA445C-D062-41DD-A2EF-C99E7C82EC7C}.Debug|Any CPU.ActiveCfg = Debug|Any CPU
		{87BA445C-D062-41DD-A2EF-C99E7C82EC7C}.Debug|Any CPU.Build.0 = Debug|Any CPU
		{87BA445C-D062-41DD-A2EF-C99E7C82EC7C}.Release|Any CPU.ActiveCfg = Release|Any CPU
		{87BA445C-D062-41DD-A2EF-C99E7C82EC7C}.Release|Any CPU.Build.0 = Release|Any CPU
		{1F42E9FF-95FE-4E17-BA02-4B471AC75794}.Debug|Any CPU.ActiveCfg = Debug|Any CPU
		{1F42E9FF-95FE-4E17-BA02-4B471AC75794}.Debug|Any CPU.Build.0 = Debug|Any CPU
		{1F42E9FF-95FE-4E17-BA02-4B471AC75794}.Release|Any CPU.ActiveCfg = Release|Any CPU
		{1F42E9FF-95FE-4E17-BA02-4B471AC75794}.Release|Any CPU.Build.0 = Release|Any CPU
		{2EDF27E3-C822-4110-933E-123CC3D206AE}.Debug|Any CPU.ActiveCfg = Debug|Any CPU
		{2EDF27E3-C822-4110-933E-123CC3D206AE}.Debug|Any CPU.Build.0 = Debug|Any CPU
		{2EDF27E3-C822-4110-933E-123CC3D206AE}.Release|Any CPU.ActiveCfg = Release|Any CPU
		{2EDF27E3-C822-4110-933E-123CC3D206AE}.Release|Any CPU.Build.0 = Release|Any CPU
		{157DDF05-58DA-4896-9D74-20E5438D0362}.Debug|Any CPU.ActiveCfg = Debug|Any CPU
		{157DDF05-58DA-4896-9D74-20E5438D0362}.Debug|Any CPU.Build.0 = Debug|Any CPU
		{157DDF05-58DA-4896-9D74-20E5438D0362}.Release|Any CPU.ActiveCfg = Release|Any CPU
		{157DDF05-58DA-4896-9D74-20E5438D0362}.Release|Any CPU.Build.0 = Release|Any CPU
		{83A498D3-A227-4E41-B6DF-6631E2F3F6F9}.Debug|Any CPU.ActiveCfg = Debug|Any CPU
		{83A498D3-A227-4E41-B6DF-6631E2F3F6F9}.Debug|Any CPU.Build.0 = Debug|Any CPU
		{83A498D3-A227-4E41-B6DF-6631E2F3F6F9}.Release|Any CPU.ActiveCfg = Release|Any CPU
		{83A498D3-A227-4E41-B6DF-6631E2F3F6F9}.Release|Any CPU.Build.0 = Release|Any CPU
		{652400A5-03BD-4A4F-BBD8-CEEC4729C791}.Debug|Any CPU.ActiveCfg = Debug|Any CPU
		{652400A5-03BD-4A4F-BBD8-CEEC4729C791}.Debug|Any CPU.Build.0 = Debug|Any CPU
		{652400A5-03BD-4A4F-BBD8-CEEC4729C791}.Release|Any CPU.ActiveCfg = Release|Any CPU
		{652400A5-03BD-4A4F-BBD8-CEEC4729C791}.Release|Any CPU.Build.0 = Release|Any CPU
		{F4272AB8-2996-4358-80CC-1C2B6B515AF0}.Debug|Any CPU.ActiveCfg = Debug|Any CPU
		{F4272AB8-2996-4358-80CC-1C2B6B515AF0}.Debug|Any CPU.Build.0 = Debug|Any CPU
		{F4272AB8-2996-4358-80CC-1C2B6B515AF0}.Release|Any CPU.ActiveCfg = Release|Any CPU
		{F4272AB8-2996-4358-80CC-1C2B6B515AF0}.Release|Any CPU.Build.0 = Release|Any CPU
		{3CD2E8B6-0BB0-4126-A1C6-12449F2C346F}.Debug|Any CPU.ActiveCfg = Debug|Any CPU
		{3CD2E8B6-0BB0-4126-A1C6-12449F2C346F}.Debug|Any CPU.Build.0 = Debug|Any CPU
		{3CD2E8B6-0BB0-4126-A1C6-12449F2C346F}.Release|Any CPU.ActiveCfg = Release|Any CPU
		{3CD2E8B6-0BB0-4126-A1C6-12449F2C346F}.Release|Any CPU.Build.0 = Release|Any CPU
		{D74334D5-FE58-409E-A38A-33AA6436E3BB}.Debug|Any CPU.ActiveCfg = Debug|Any CPU
		{D74334D5-FE58-409E-A38A-33AA6436E3BB}.Debug|Any CPU.Build.0 = Debug|Any CPU
		{D74334D5-FE58-409E-A38A-33AA6436E3BB}.Release|Any CPU.ActiveCfg = Release|Any CPU
		{D74334D5-FE58-409E-A38A-33AA6436E3BB}.Release|Any CPU.Build.0 = Release|Any CPU
		{0188F3A1-EA91-4F7A-A038-9CAA70468978}.Debug|Any CPU.ActiveCfg = Debug|Any CPU
		{0188F3A1-EA91-4F7A-A038-9CAA70468978}.Debug|Any CPU.Build.0 = Debug|Any CPU
		{0188F3A1-EA91-4F7A-A038-9CAA70468978}.Release|Any CPU.ActiveCfg = Release|Any CPU
		{0188F3A1-EA91-4F7A-A038-9CAA70468978}.Release|Any CPU.Build.0 = Release|Any CPU
		{537509F3-F2F2-4E43-877B-0FA859E2A283}.Debug|Any CPU.ActiveCfg = Debug|Any CPU
		{537509F3-F2F2-4E43-877B-0FA859E2A283}.Debug|Any CPU.Build.0 = Debug|Any CPU
		{537509F3-F2F2-4E43-877B-0FA859E2A283}.Release|Any CPU.ActiveCfg = Release|Any CPU
		{537509F3-F2F2-4E43-877B-0FA859E2A283}.Release|Any CPU.Build.0 = Release|Any CPU
		{B8B7DF7E-A876-492F-B67A-DCDED725CBE2}.Debug|Any CPU.ActiveCfg = Debug|Any CPU
		{B8B7DF7E-A876-492F-B67A-DCDED725CBE2}.Debug|Any CPU.Build.0 = Debug|Any CPU
		{B8B7DF7E-A876-492F-B67A-DCDED725CBE2}.Release|Any CPU.ActiveCfg = Release|Any CPU
		{B8B7DF7E-A876-492F-B67A-DCDED725CBE2}.Release|Any CPU.Build.0 = Release|Any CPU
		{80172D10-9E99-4036-B003-8D8C635C0205}.Debug|Any CPU.ActiveCfg = Debug|Any CPU
		{80172D10-9E99-4036-B003-8D8C635C0205}.Debug|Any CPU.Build.0 = Debug|Any CPU
		{80172D10-9E99-4036-B003-8D8C635C0205}.Release|Any CPU.ActiveCfg = Release|Any CPU
		{80172D10-9E99-4036-B003-8D8C635C0205}.Release|Any CPU.Build.0 = Release|Any CPU
		{F395D818-7C53-4AF3-BA52-2ACBA85E266D}.Debug|Any CPU.ActiveCfg = Debug|Any CPU
		{F395D818-7C53-4AF3-BA52-2ACBA85E266D}.Debug|Any CPU.Build.0 = Debug|Any CPU
		{F395D818-7C53-4AF3-BA52-2ACBA85E266D}.Release|Any CPU.ActiveCfg = Release|Any CPU
		{F395D818-7C53-4AF3-BA52-2ACBA85E266D}.Release|Any CPU.Build.0 = Release|Any CPU
		{801BE2E5-9033-4B11-8E7F-B15E46A6F08B}.Debug|Any CPU.ActiveCfg = Debug|Any CPU
		{801BE2E5-9033-4B11-8E7F-B15E46A6F08B}.Debug|Any CPU.Build.0 = Debug|Any CPU
		{801BE2E5-9033-4B11-8E7F-B15E46A6F08B}.Release|Any CPU.ActiveCfg = Release|Any CPU
		{801BE2E5-9033-4B11-8E7F-B15E46A6F08B}.Release|Any CPU.Build.0 = Release|Any CPU
		{670171C1-4FAC-4CF8-96DA-FD83DE3A0A98}.Debug|Any CPU.ActiveCfg = Debug|Any CPU
		{670171C1-4FAC-4CF8-96DA-FD83DE3A0A98}.Debug|Any CPU.Build.0 = Debug|Any CPU
		{670171C1-4FAC-4CF8-96DA-FD83DE3A0A98}.Release|Any CPU.ActiveCfg = Release|Any CPU
		{670171C1-4FAC-4CF8-96DA-FD83DE3A0A98}.Release|Any CPU.Build.0 = Release|Any CPU
		{08AAA491-6AA4-408F-9D71-F0B90F9FBF0E}.Debug|Any CPU.ActiveCfg = Debug|Any CPU
		{08AAA491-6AA4-408F-9D71-F0B90F9FBF0E}.Debug|Any CPU.Build.0 = Debug|Any CPU
		{08AAA491-6AA4-408F-9D71-F0B90F9FBF0E}.Release|Any CPU.ActiveCfg = Release|Any CPU
		{08AAA491-6AA4-408F-9D71-F0B90F9FBF0E}.Release|Any CPU.Build.0 = Release|Any CPU
		{2D7D33BD-66F2-4D0F-9ADD-705F440794AD}.Debug|Any CPU.ActiveCfg = Debug|Any CPU
		{2D7D33BD-66F2-4D0F-9ADD-705F440794AD}.Debug|Any CPU.Build.0 = Debug|Any CPU
		{2D7D33BD-66F2-4D0F-9ADD-705F440794AD}.Release|Any CPU.ActiveCfg = Release|Any CPU
		{2D7D33BD-66F2-4D0F-9ADD-705F440794AD}.Release|Any CPU.Build.0 = Release|Any CPU
		{E4878440-8578-4B5C-AC13-0C871423964E}.Debug|Any CPU.ActiveCfg = Debug|Any CPU
		{E4878440-8578-4B5C-AC13-0C871423964E}.Debug|Any CPU.Build.0 = Debug|Any CPU
		{E4878440-8578-4B5C-AC13-0C871423964E}.Release|Any CPU.ActiveCfg = Release|Any CPU
		{E4878440-8578-4B5C-AC13-0C871423964E}.Release|Any CPU.Build.0 = Release|Any CPU
		{2CDBC9FB-B8EB-46C3-8E08-AF8328DD2EF6}.Debug|Any CPU.ActiveCfg = Debug|Any CPU
		{2CDBC9FB-B8EB-46C3-8E08-AF8328DD2EF6}.Debug|Any CPU.Build.0 = Debug|Any CPU
		{2CDBC9FB-B8EB-46C3-8E08-AF8328DD2EF6}.Release|Any CPU.ActiveCfg = Release|Any CPU
		{2CDBC9FB-B8EB-46C3-8E08-AF8328DD2EF6}.Release|Any CPU.Build.0 = Release|Any CPU
		{6C08B354-E578-4BB2-8F56-3E3A56C9ACB7}.Debug|Any CPU.ActiveCfg = Debug|Any CPU
		{6C08B354-E578-4BB2-8F56-3E3A56C9ACB7}.Debug|Any CPU.Build.0 = Debug|Any CPU
		{6C08B354-E578-4BB2-8F56-3E3A56C9ACB7}.Release|Any CPU.ActiveCfg = Release|Any CPU
		{6C08B354-E578-4BB2-8F56-3E3A56C9ACB7}.Release|Any CPU.Build.0 = Release|Any CPU
		{89497046-F8F1-4CF0-B22E-B0C36FA109C4}.Debug|Any CPU.ActiveCfg = Debug|Any CPU
		{89497046-F8F1-4CF0-B22E-B0C36FA109C4}.Debug|Any CPU.Build.0 = Debug|Any CPU
		{89497046-F8F1-4CF0-B22E-B0C36FA109C4}.Release|Any CPU.ActiveCfg = Release|Any CPU
		{89497046-F8F1-4CF0-B22E-B0C36FA109C4}.Release|Any CPU.Build.0 = Release|Any CPU
	EndGlobalSection
	GlobalSection(SolutionProperties) = preSolution
		HideSolutionNode = FALSE
	EndGlobalSection
	GlobalSection(ExtensibilityGlobals) = postSolution
		SolutionGuid = {7838D8BC-B2B2-4DA1-9283-81F90A21AAF5}
	EndGlobalSection
EndGlobal
