
Microsoft Visual Studio Solution File, Format Version 12.00
# Visual Studio Version 17
VisualStudioVersion = 17.2.32630.192
MinimumVisualStudioVersion = 10.0.40219.1
Project("{9A19103F-16F7-4668-BE54-9A1E7A4F7556}") = "R5T.S0094", "R5T.S0094\R5T.S0094.csproj", "{96DFD8C7-6244-4EA1-B008-5B7120898003}"
EndProject
Global
	GlobalSection(SolutionConfigurationPlatforms) = preSolution
		Debug|Any CPU = Debug|Any CPU
		Release|Any CPU = Release|Any CPU
	EndGlobalSection
	GlobalSection(ProjectConfigurationPlatforms) = postSolution
		{96DFD8C7-6244-4EA1-B008-5B7120898003}.Debug|Any CPU.ActiveCfg = Debug|Any CPU
		{96DFD8C7-6244-4EA1-B008-5B7120898003}.Debug|Any CPU.Build.0 = Debug|Any CPU
		{96DFD8C7-6244-4EA1-B008-5B7120898003}.Release|Any CPU.ActiveCfg = Release|Any CPU
		{96DFD8C7-6244-4EA1-B008-5B7120898003}.Release|Any CPU.Build.0 = Release|Any CPU
	EndGlobalSection
	GlobalSection(SolutionProperties) = preSolution
		HideSolutionNode = FALSE
	EndGlobalSection
	GlobalSection(ExtensibilityGlobals) = postSolution
		SolutionGuid = {7838D8BC-B2B2-4DA1-9283-81F90A21AAF5}
	EndGlobalSection
EndGlobal
